// !$*UTF8*$!
{
	archiveVersion = 1;
	classes = {
	};
	objectVersion = 55;
	objects = {

/* Begin PBXBuildFile section */
		8CED086B27570AF60077E727 /* main.swift in Sources */ = {isa = PBXBuildFile; fileRef = 8CED086A27570AF60077E727 /* main.swift */; };
		8CED0878275829740077E727 /* main.swift in Sources */ = {isa = PBXBuildFile; fileRef = 8CED0877275829740077E727 /* main.swift */; };
		8CED0885275978A20077E727 /* main.swift in Sources */ = {isa = PBXBuildFile; fileRef = 8CED0884275978A20077E727 /* main.swift */; };
		8CED0892275AD9C70077E727 /* main.swift in Sources */ = {isa = PBXBuildFile; fileRef = 8CED0891275AD9C70077E727 /* main.swift */; };
		8CED08A1275B8F870077E727 /* main.swift in Sources */ = {isa = PBXBuildFile; fileRef = 8CED08A0275B8F870077E727 /* main.swift */; };
		8CED08B0275D02B80077E727 /* main.swift in Sources */ = {isa = PBXBuildFile; fileRef = 8CED08AF275D02B80077E727 /* main.swift */; };
/* End PBXBuildFile section */

/* Begin PBXCopyFilesBuildPhase section */
		8CED086527570AF60077E727 /* CopyFiles */ = {
			isa = PBXCopyFilesBuildPhase;
			buildActionMask = 2147483647;
			dstPath = /usr/share/man/man1/;
			dstSubfolderSpec = 0;
			files = (
			);
			runOnlyForDeploymentPostprocessing = 1;
		};
		8CED0873275829740077E727 /* CopyFiles */ = {
			isa = PBXCopyFilesBuildPhase;
			buildActionMask = 2147483647;
			dstPath = /usr/share/man/man1/;
			dstSubfolderSpec = 0;
			files = (
			);
			runOnlyForDeploymentPostprocessing = 1;
		};
		8CED0880275978A20077E727 /* CopyFiles */ = {
			isa = PBXCopyFilesBuildPhase;
			buildActionMask = 2147483647;
			dstPath = /usr/share/man/man1/;
			dstSubfolderSpec = 0;
			files = (
			);
			runOnlyForDeploymentPostprocessing = 1;
		};
		8CED088D275AD9C70077E727 /* CopyFiles */ = {
			isa = PBXCopyFilesBuildPhase;
			buildActionMask = 2147483647;
			dstPath = /usr/share/man/man1/;
			dstSubfolderSpec = 0;
			files = (
			);
			runOnlyForDeploymentPostprocessing = 1;
		};
		8CED089C275B8F870077E727 /* CopyFiles */ = {
			isa = PBXCopyFilesBuildPhase;
			buildActionMask = 2147483647;
			dstPath = /usr/share/man/man1/;
			dstSubfolderSpec = 0;
			files = (
			);
			runOnlyForDeploymentPostprocessing = 1;
		};
		8CED08AB275D02B80077E727 /* CopyFiles */ = {
			isa = PBXCopyFilesBuildPhase;
			buildActionMask = 2147483647;
			dstPath = /usr/share/man/man1/;
			dstSubfolderSpec = 0;
			files = (
			);
			runOnlyForDeploymentPostprocessing = 1;
		};
/* End PBXCopyFilesBuildPhase section */

/* Begin PBXFileReference section */
		8CED086727570AF60077E727 /* aoc-21 */ = {isa = PBXFileReference; explicitFileType = "compiled.mach-o.executable"; includeInIndex = 0; path = "aoc-21"; sourceTree = BUILT_PRODUCTS_DIR; };
		8CED086A27570AF60077E727 /* main.swift */ = {isa = PBXFileReference; lastKnownFileType = sourcecode.swift; path = main.swift; sourceTree = "<group>"; };
		8CED0875275829740077E727 /* day01 */ = {isa = PBXFileReference; explicitFileType = "compiled.mach-o.executable"; includeInIndex = 0; path = day01; sourceTree = BUILT_PRODUCTS_DIR; };
		8CED0877275829740077E727 /* main.swift */ = {isa = PBXFileReference; lastKnownFileType = sourcecode.swift; path = main.swift; sourceTree = "<group>"; };
		8CED087C27583B2B0077E727 /* sample.input */ = {isa = PBXFileReference; lastKnownFileType = text; path = sample.input; sourceTree = "<group>"; };
		8CED087D27583B4F0077E727 /* full.input */ = {isa = PBXFileReference; lastKnownFileType = text; path = full.input; sourceTree = "<group>"; };
		8CED0882275978A20077E727 /* day02 */ = {isa = PBXFileReference; explicitFileType = "compiled.mach-o.executable"; includeInIndex = 0; path = day02; sourceTree = BUILT_PRODUCTS_DIR; };
		8CED0884275978A20077E727 /* main.swift */ = {isa = PBXFileReference; lastKnownFileType = sourcecode.swift; path = main.swift; sourceTree = "<group>"; };
		8CED0889275978D90077E727 /* sample.txt */ = {isa = PBXFileReference; lastKnownFileType = text; path = sample.txt; sourceTree = "<group>"; };
		8CED088A275978EB0077E727 /* input.txt */ = {isa = PBXFileReference; lastKnownFileType = text; path = input.txt; sourceTree = "<group>"; };
		8CED088F275AD9C70077E727 /* day03 */ = {isa = PBXFileReference; explicitFileType = "compiled.mach-o.executable"; includeInIndex = 0; path = day03; sourceTree = BUILT_PRODUCTS_DIR; };
		8CED0891275AD9C70077E727 /* main.swift */ = {isa = PBXFileReference; lastKnownFileType = sourcecode.swift; path = main.swift; sourceTree = "<group>"; };
		8CED0896275AD9E70077E727 /* sample.txt */ = {isa = PBXFileReference; lastKnownFileType = text; path = sample.txt; sourceTree = "<group>"; };
		8CED0897275AE3080077E727 /* input.txt */ = {isa = PBXFileReference; lastKnownFileType = text; path = input.txt; sourceTree = "<group>"; };
		8CED089E275B8F870077E727 /* day04 */ = {isa = PBXFileReference; explicitFileType = "compiled.mach-o.executable"; includeInIndex = 0; path = day04; sourceTree = BUILT_PRODUCTS_DIR; };
		8CED08A0275B8F870077E727 /* main.swift */ = {isa = PBXFileReference; lastKnownFileType = sourcecode.swift; path = main.swift; sourceTree = "<group>"; };
		8CED08A7275B91C70077E727 /* sample.txt */ = {isa = PBXFileReference; lastKnownFileType = text; path = sample.txt; sourceTree = "<group>"; };
		8CED08A8275C672B0077E727 /* input.txt */ = {isa = PBXFileReference; lastKnownFileType = text; path = input.txt; sourceTree = "<group>"; };
		8CED08AD275D02B80077E727 /* day05 */ = {isa = PBXFileReference; explicitFileType = "compiled.mach-o.executable"; includeInIndex = 0; path = day05; sourceTree = BUILT_PRODUCTS_DIR; };
		8CED08AF275D02B80077E727 /* main.swift */ = {isa = PBXFileReference; lastKnownFileType = sourcecode.swift; path = main.swift; sourceTree = "<group>"; };
		8CED08B4275D032E0077E727 /* sample.txt */ = {isa = PBXFileReference; lastKnownFileType = text; path = sample.txt; sourceTree = "<group>"; };
		8CED08B5275D5DB00077E727 /* sample.plotted */ = {isa = PBXFileReference; lastKnownFileType = text; path = sample.plotted; sourceTree = "<group>"; };
		8CED08B6275D94340077E727 /* input.txt */ = {isa = PBXFileReference; lastKnownFileType = text; path = input.txt; sourceTree = "<group>"; };
/* End PBXFileReference section */

/* Begin PBXFrameworksBuildPhase section */
		8CED086427570AF60077E727 /* Frameworks */ = {
			isa = PBXFrameworksBuildPhase;
			buildActionMask = 2147483647;
			files = (
			);
			runOnlyForDeploymentPostprocessing = 0;
		};
		8CED0872275829740077E727 /* Frameworks */ = {
			isa = PBXFrameworksBuildPhase;
			buildActionMask = 2147483647;
			files = (
			);
			runOnlyForDeploymentPostprocessing = 0;
		};
		8CED087F275978A20077E727 /* Frameworks */ = {
			isa = PBXFrameworksBuildPhase;
			buildActionMask = 2147483647;
			files = (
			);
			runOnlyForDeploymentPostprocessing = 0;
		};
		8CED088C275AD9C70077E727 /* Frameworks */ = {
			isa = PBXFrameworksBuildPhase;
			buildActionMask = 2147483647;
			files = (
			);
			runOnlyForDeploymentPostprocessing = 0;
		};
		8CED089B275B8F870077E727 /* Frameworks */ = {
			isa = PBXFrameworksBuildPhase;
			buildActionMask = 2147483647;
			files = (
			);
			runOnlyForDeploymentPostprocessing = 0;
		};
		8CED08AA275D02B80077E727 /* Frameworks */ = {
			isa = PBXFrameworksBuildPhase;
			buildActionMask = 2147483647;
			files = (
			);
			runOnlyForDeploymentPostprocessing = 0;
		};
/* End PBXFrameworksBuildPhase section */

/* Begin PBXGroup section */
		8CED085E27570AF60077E727 = {
			isa = PBXGroup;
			children = (
				8CED08B5275D5DB00077E727 /* sample.plotted */,
				8CED086927570AF60077E727 /* aoc-21 */,
				8CED0876275829740077E727 /* day01 */,
				8CED0883275978A20077E727 /* day02 */,
				8CED0890275AD9C70077E727 /* day03 */,
				8CED089F275B8F870077E727 /* day04 */,
				8CED08AE275D02B80077E727 /* day05 */,
				8CED086827570AF60077E727 /* Products */,
			);
			sourceTree = "<group>";
		};
		8CED086827570AF60077E727 /* Products */ = {
			isa = PBXGroup;
			children = (
				8CED086727570AF60077E727 /* aoc-21 */,
				8CED0875275829740077E727 /* day01 */,
				8CED0882275978A20077E727 /* day02 */,
				8CED088F275AD9C70077E727 /* day03 */,
				8CED089E275B8F870077E727 /* day04 */,
				8CED08AD275D02B80077E727 /* day05 */,
			);
			name = Products;
			sourceTree = "<group>";
		};
		8CED086927570AF60077E727 /* aoc-21 */ = {
			isa = PBXGroup;
			children = (
				8CED086A27570AF60077E727 /* main.swift */,
			);
			path = "aoc-21";
			sourceTree = "<group>";
		};
		8CED0876275829740077E727 /* day01 */ = {
			isa = PBXGroup;
			children = (
				8CED0877275829740077E727 /* main.swift */,
				8CED087C27583B2B0077E727 /* sample.input */,
				8CED087D27583B4F0077E727 /* full.input */,
			);
			path = day01;
			sourceTree = "<group>";
		};
		8CED0883275978A20077E727 /* day02 */ = {
			isa = PBXGroup;
			children = (
				8CED0884275978A20077E727 /* main.swift */,
				8CED0889275978D90077E727 /* sample.txt */,
				8CED088A275978EB0077E727 /* input.txt */,
			);
			path = day02;
			sourceTree = "<group>";
		};
		8CED0890275AD9C70077E727 /* day03 */ = {
			isa = PBXGroup;
			children = (
				8CED0891275AD9C70077E727 /* main.swift */,
				8CED0896275AD9E70077E727 /* sample.txt */,
				8CED0897275AE3080077E727 /* input.txt */,
			);
			path = day03;
			sourceTree = "<group>";
		};
		8CED089F275B8F870077E727 /* day04 */ = {
			isa = PBXGroup;
			children = (
				8CED08A0275B8F870077E727 /* main.swift */,
				8CED08A7275B91C70077E727 /* sample.txt */,
				8CED08A8275C672B0077E727 /* input.txt */,
			);
			path = day04;
			sourceTree = "<group>";
		};
		8CED08AE275D02B80077E727 /* day05 */ = {
			isa = PBXGroup;
			children = (
				8CED08AF275D02B80077E727 /* main.swift */,
				8CED08B4275D032E0077E727 /* sample.txt */,
				8CED08B6275D94340077E727 /* input.txt */,
			);
			path = day05;
			sourceTree = "<group>";
		};
/* End PBXGroup section */

/* Begin PBXNativeTarget section */
		8CED086627570AF60077E727 /* aoc-21 */ = {
			isa = PBXNativeTarget;
			buildConfigurationList = 8CED086E27570AF60077E727 /* Build configuration list for PBXNativeTarget "aoc-21" */;
			buildPhases = (
				8CED086327570AF60077E727 /* Sources */,
				8CED086427570AF60077E727 /* Frameworks */,
				8CED086527570AF60077E727 /* CopyFiles */,
			);
			buildRules = (
			);
			dependencies = (
			);
			name = "aoc-21";
			productName = "aoc-21";
			productReference = 8CED086727570AF60077E727 /* aoc-21 */;
			productType = "com.apple.product-type.tool";
		};
		8CED0874275829740077E727 /* day01 */ = {
			isa = PBXNativeTarget;
			buildConfigurationList = 8CED087B275829740077E727 /* Build configuration list for PBXNativeTarget "day01" */;
			buildPhases = (
				8CED0871275829740077E727 /* Sources */,
				8CED0872275829740077E727 /* Frameworks */,
				8CED0873275829740077E727 /* CopyFiles */,
			);
			buildRules = (
			);
			dependencies = (
			);
			name = day01;
			productName = day01;
			productReference = 8CED0875275829740077E727 /* day01 */;
			productType = "com.apple.product-type.tool";
		};
		8CED0881275978A20077E727 /* day02 */ = {
			isa = PBXNativeTarget;
			buildConfigurationList = 8CED0886275978A20077E727 /* Build configuration list for PBXNativeTarget "day02" */;
			buildPhases = (
				8CED087E275978A20077E727 /* Sources */,
				8CED087F275978A20077E727 /* Frameworks */,
				8CED0880275978A20077E727 /* CopyFiles */,
			);
			buildRules = (
			);
			dependencies = (
			);
			name = day02;
			productName = day02;
			productReference = 8CED0882275978A20077E727 /* day02 */;
			productType = "com.apple.product-type.tool";
		};
		8CED088E275AD9C70077E727 /* day03 */ = {
			isa = PBXNativeTarget;
			buildConfigurationList = 8CED0893275AD9C70077E727 /* Build configuration list for PBXNativeTarget "day03" */;
			buildPhases = (
				8CED088B275AD9C70077E727 /* Sources */,
				8CED088C275AD9C70077E727 /* Frameworks */,
				8CED088D275AD9C70077E727 /* CopyFiles */,
			);
			buildRules = (
			);
			dependencies = (
			);
			name = day03;
			productName = day03;
			productReference = 8CED088F275AD9C70077E727 /* day03 */;
			productType = "com.apple.product-type.tool";
		};
		8CED089D275B8F870077E727 /* day04 */ = {
			isa = PBXNativeTarget;
			buildConfigurationList = 8CED08A2275B8F870077E727 /* Build configuration list for PBXNativeTarget "day04" */;
			buildPhases = (
				8CED089A275B8F870077E727 /* Sources */,
				8CED089B275B8F870077E727 /* Frameworks */,
				8CED089C275B8F870077E727 /* CopyFiles */,
			);
			buildRules = (
			);
			dependencies = (
			);
			name = day04;
			productName = day04;
			productReference = 8CED089E275B8F870077E727 /* day04 */;
			productType = "com.apple.product-type.tool";
		};
		8CED08AC275D02B80077E727 /* day05 */ = {
			isa = PBXNativeTarget;
			buildConfigurationList = 8CED08B1275D02B80077E727 /* Build configuration list for PBXNativeTarget "day05" */;
			buildPhases = (
				8CED08A9275D02B80077E727 /* Sources */,
				8CED08AA275D02B80077E727 /* Frameworks */,
				8CED08AB275D02B80077E727 /* CopyFiles */,
			);
			buildRules = (
			);
			dependencies = (
			);
			name = day05;
			productName = day05;
			productReference = 8CED08AD275D02B80077E727 /* day05 */;
			productType = "com.apple.product-type.tool";
		};
/* End PBXNativeTarget section */

/* Begin PBXProject section */
		8CED085F27570AF60077E727 /* Project object */ = {
			isa = PBXProject;
			attributes = {
				BuildIndependentTargetsInParallel = 1;
				LastSwiftUpdateCheck = 1310;
				LastUpgradeCheck = 1310;
				ORGANIZATIONNAME = "WaifuPaste Ltd.";
				TargetAttributes = {
					8CED086627570AF60077E727 = {
						CreatedOnToolsVersion = 13.1;
					};
					8CED0874275829740077E727 = {
						CreatedOnToolsVersion = 13.1;
					};
					8CED0881275978A20077E727 = {
						CreatedOnToolsVersion = 13.1;
					};
					8CED088E275AD9C70077E727 = {
						CreatedOnToolsVersion = 13.1;
					};
					8CED089D275B8F870077E727 = {
						CreatedOnToolsVersion = 13.1;
					};
					8CED08AC275D02B80077E727 = {
						CreatedOnToolsVersion = 13.1;
					};
				};
			};
			buildConfigurationList = 8CED086227570AF60077E727 /* Build configuration list for PBXProject "aoc-21" */;
			compatibilityVersion = "Xcode 13.0";
			developmentRegion = en;
			hasScannedForEncodings = 0;
			knownRegions = (
				en,
				Base,
			);
			mainGroup = 8CED085E27570AF60077E727;
			productRefGroup = 8CED086827570AF60077E727 /* Products */;
			projectDirPath = "";
			projectRoot = "";
			targets = (
				8CED086627570AF60077E727 /* aoc-21 */,
				8CED0874275829740077E727 /* day01 */,
				8CED0881275978A20077E727 /* day02 */,
				8CED088E275AD9C70077E727 /* day03 */,
				8CED089D275B8F870077E727 /* day04 */,
				8CED08AC275D02B80077E727 /* day05 */,
			);
		};
/* End PBXProject section */

/* Begin PBXSourcesBuildPhase section */
		8CED086327570AF60077E727 /* Sources */ = {
			isa = PBXSourcesBuildPhase;
			buildActionMask = 2147483647;
			files = (
				8CED086B27570AF60077E727 /* main.swift in Sources */,
			);
			runOnlyForDeploymentPostprocessing = 0;
		};
		8CED0871275829740077E727 /* Sources */ = {
			isa = PBXSourcesBuildPhase;
			buildActionMask = 2147483647;
			files = (
				8CED0878275829740077E727 /* main.swift in Sources */,
			);
			runOnlyForDeploymentPostprocessing = 0;
		};
		8CED087E275978A20077E727 /* Sources */ = {
			isa = PBXSourcesBuildPhase;
			buildActionMask = 2147483647;
			files = (
				8CED0885275978A20077E727 /* main.swift in Sources */,
			);
			runOnlyForDeploymentPostprocessing = 0;
		};
		8CED088B275AD9C70077E727 /* Sources */ = {
			isa = PBXSourcesBuildPhase;
			buildActionMask = 2147483647;
			files = (
				8CED0892275AD9C70077E727 /* main.swift in Sources */,
			);
			runOnlyForDeploymentPostprocessing = 0;
		};
		8CED089A275B8F870077E727 /* Sources */ = {
			isa = PBXSourcesBuildPhase;
			buildActionMask = 2147483647;
			files = (
				8CED08A1275B8F870077E727 /* main.swift in Sources */,
			);
			runOnlyForDeploymentPostprocessing = 0;
		};
		8CED08A9275D02B80077E727 /* Sources */ = {
			isa = PBXSourcesBuildPhase;
			buildActionMask = 2147483647;
			files = (
				8CED08B0275D02B80077E727 /* main.swift in Sources */,
			);
			runOnlyForDeploymentPostprocessing = 0;
		};
/* End PBXSourcesBuildPhase section */

/* Begin XCBuildConfiguration section */
		8CED086C27570AF60077E727 /* Debug */ = {
			isa = XCBuildConfiguration;
			buildSettings = {
				ALWAYS_SEARCH_USER_PATHS = NO;
				CLANG_ANALYZER_NONNULL = YES;
				CLANG_ANALYZER_NUMBER_OBJECT_CONVERSION = YES_AGGRESSIVE;
				CLANG_CXX_LANGUAGE_STANDARD = "gnu++17";
				CLANG_CXX_LIBRARY = "libc++";
				CLANG_ENABLE_MODULES = YES;
				CLANG_ENABLE_OBJC_ARC = YES;
				CLANG_ENABLE_OBJC_WEAK = YES;
				CLANG_WARN_BLOCK_CAPTURE_AUTORELEASING = YES;
				CLANG_WARN_BOOL_CONVERSION = YES;
				CLANG_WARN_COMMA = YES;
				CLANG_WARN_CONSTANT_CONVERSION = YES;
				CLANG_WARN_DEPRECATED_OBJC_IMPLEMENTATIONS = YES;
				CLANG_WARN_DIRECT_OBJC_ISA_USAGE = YES_ERROR;
				CLANG_WARN_DOCUMENTATION_COMMENTS = YES;
				CLANG_WARN_EMPTY_BODY = YES;
				CLANG_WARN_ENUM_CONVERSION = YES;
				CLANG_WARN_INFINITE_RECURSION = YES;
				CLANG_WARN_INT_CONVERSION = YES;
				CLANG_WARN_NON_LITERAL_NULL_CONVERSION = YES;
				CLANG_WARN_OBJC_IMPLICIT_RETAIN_SELF = YES;
				CLANG_WARN_OBJC_LITERAL_CONVERSION = YES;
				CLANG_WARN_OBJC_ROOT_CLASS = YES_ERROR;
				CLANG_WARN_QUOTED_INCLUDE_IN_FRAMEWORK_HEADER = YES;
				CLANG_WARN_RANGE_LOOP_ANALYSIS = YES;
				CLANG_WARN_STRICT_PROTOTYPES = YES;
				CLANG_WARN_SUSPICIOUS_MOVE = YES;
				CLANG_WARN_UNGUARDED_AVAILABILITY = YES_AGGRESSIVE;
				CLANG_WARN_UNREACHABLE_CODE = YES;
				CLANG_WARN__DUPLICATE_METHOD_MATCH = YES;
				COPY_PHASE_STRIP = NO;
				DEBUG_INFORMATION_FORMAT = dwarf;
				ENABLE_STRICT_OBJC_MSGSEND = YES;
				ENABLE_TESTABILITY = YES;
				GCC_C_LANGUAGE_STANDARD = gnu11;
				GCC_DYNAMIC_NO_PIC = NO;
				GCC_NO_COMMON_BLOCKS = YES;
				GCC_OPTIMIZATION_LEVEL = 0;
				GCC_PREPROCESSOR_DEFINITIONS = (
					"DEBUG=1",
					"$(inherited)",
				);
				GCC_WARN_64_TO_32_BIT_CONVERSION = YES;
				GCC_WARN_ABOUT_RETURN_TYPE = YES_ERROR;
				GCC_WARN_UNDECLARED_SELECTOR = YES;
				GCC_WARN_UNINITIALIZED_AUTOS = YES_AGGRESSIVE;
				GCC_WARN_UNUSED_FUNCTION = YES;
				GCC_WARN_UNUSED_VARIABLE = YES;
				MACOSX_DEPLOYMENT_TARGET = 12.0;
				MTL_ENABLE_DEBUG_INFO = INCLUDE_SOURCE;
				MTL_FAST_MATH = YES;
				ONLY_ACTIVE_ARCH = YES;
				SDKROOT = macosx;
				SWIFT_ACTIVE_COMPILATION_CONDITIONS = DEBUG;
				SWIFT_OPTIMIZATION_LEVEL = "-Onone";
			};
			name = Debug;
		};
		8CED086D27570AF60077E727 /* Release */ = {
			isa = XCBuildConfiguration;
			buildSettings = {
				ALWAYS_SEARCH_USER_PATHS = NO;
				CLANG_ANALYZER_NONNULL = YES;
				CLANG_ANALYZER_NUMBER_OBJECT_CONVERSION = YES_AGGRESSIVE;
				CLANG_CXX_LANGUAGE_STANDARD = "gnu++17";
				CLANG_CXX_LIBRARY = "libc++";
				CLANG_ENABLE_MODULES = YES;
				CLANG_ENABLE_OBJC_ARC = YES;
				CLANG_ENABLE_OBJC_WEAK = YES;
				CLANG_WARN_BLOCK_CAPTURE_AUTORELEASING = YES;
				CLANG_WARN_BOOL_CONVERSION = YES;
				CLANG_WARN_COMMA = YES;
				CLANG_WARN_CONSTANT_CONVERSION = YES;
				CLANG_WARN_DEPRECATED_OBJC_IMPLEMENTATIONS = YES;
				CLANG_WARN_DIRECT_OBJC_ISA_USAGE = YES_ERROR;
				CLANG_WARN_DOCUMENTATION_COMMENTS = YES;
				CLANG_WARN_EMPTY_BODY = YES;
				CLANG_WARN_ENUM_CONVERSION = YES;
				CLANG_WARN_INFINITE_RECURSION = YES;
				CLANG_WARN_INT_CONVERSION = YES;
				CLANG_WARN_NON_LITERAL_NULL_CONVERSION = YES;
				CLANG_WARN_OBJC_IMPLICIT_RETAIN_SELF = YES;
				CLANG_WARN_OBJC_LITERAL_CONVERSION = YES;
				CLANG_WARN_OBJC_ROOT_CLASS = YES_ERROR;
				CLANG_WARN_QUOTED_INCLUDE_IN_FRAMEWORK_HEADER = YES;
				CLANG_WARN_RANGE_LOOP_ANALYSIS = YES;
				CLANG_WARN_STRICT_PROTOTYPES = YES;
				CLANG_WARN_SUSPICIOUS_MOVE = YES;
				CLANG_WARN_UNGUARDED_AVAILABILITY = YES_AGGRESSIVE;
				CLANG_WARN_UNREACHABLE_CODE = YES;
				CLANG_WARN__DUPLICATE_METHOD_MATCH = YES;
				COPY_PHASE_STRIP = NO;
				DEBUG_INFORMATION_FORMAT = "dwarf-with-dsym";
				ENABLE_NS_ASSERTIONS = NO;
				ENABLE_STRICT_OBJC_MSGSEND = YES;
				GCC_C_LANGUAGE_STANDARD = gnu11;
				GCC_NO_COMMON_BLOCKS = YES;
				GCC_WARN_64_TO_32_BIT_CONVERSION = YES;
				GCC_WARN_ABOUT_RETURN_TYPE = YES_ERROR;
				GCC_WARN_UNDECLARED_SELECTOR = YES;
				GCC_WARN_UNINITIALIZED_AUTOS = YES_AGGRESSIVE;
				GCC_WARN_UNUSED_FUNCTION = YES;
				GCC_WARN_UNUSED_VARIABLE = YES;
				MACOSX_DEPLOYMENT_TARGET = 12.0;
				MTL_ENABLE_DEBUG_INFO = NO;
				MTL_FAST_MATH = YES;
				SDKROOT = macosx;
				SWIFT_COMPILATION_MODE = wholemodule;
				SWIFT_OPTIMIZATION_LEVEL = "-O";
			};
			name = Release;
		};
		8CED086F27570AF60077E727 /* Debug */ = {
			isa = XCBuildConfiguration;
			buildSettings = {
				CODE_SIGN_STYLE = Automatic;
				DEVELOPMENT_TEAM = UYPY43BUFP;
				ENABLE_HARDENED_RUNTIME = YES;
				PRODUCT_NAME = "$(TARGET_NAME)";
				SWIFT_VERSION = 5.0;
			};
			name = Debug;
		};
		8CED087027570AF60077E727 /* Release */ = {
			isa = XCBuildConfiguration;
			buildSettings = {
				CODE_SIGN_STYLE = Automatic;
				DEVELOPMENT_TEAM = UYPY43BUFP;
				ENABLE_HARDENED_RUNTIME = YES;
				PRODUCT_NAME = "$(TARGET_NAME)";
				SWIFT_VERSION = 5.0;
			};
			name = Release;
		};
		8CED0879275829740077E727 /* Debug */ = {
			isa = XCBuildConfiguration;
			buildSettings = {
				CODE_SIGN_STYLE = Automatic;
				DEVELOPMENT_TEAM = UYPY43BUFP;
				ENABLE_HARDENED_RUNTIME = YES;
				PRODUCT_NAME = "$(TARGET_NAME)";
				SWIFT_VERSION = 5.0;
			};
			name = Debug;
		};
		8CED087A275829740077E727 /* Release */ = {
			isa = XCBuildConfiguration;
			buildSettings = {
				CODE_SIGN_STYLE = Automatic;
				DEVELOPMENT_TEAM = UYPY43BUFP;
				ENABLE_HARDENED_RUNTIME = YES;
				PRODUCT_NAME = "$(TARGET_NAME)";
				SWIFT_VERSION = 5.0;
			};
			name = Release;
		};
		8CED0887275978A20077E727 /* Debug */ = {
			isa = XCBuildConfiguration;
			buildSettings = {
				CODE_SIGN_STYLE = Automatic;
				DEVELOPMENT_TEAM = UYPY43BUFP;
				ENABLE_HARDENED_RUNTIME = YES;
				PRODUCT_NAME = "$(TARGET_NAME)";
				SWIFT_VERSION = 5.0;
			};
			name = Debug;
		};
		8CED0888275978A20077E727 /* Release */ = {
			isa = XCBuildConfiguration;
			buildSettings = {
				CODE_SIGN_STYLE = Automatic;
				DEVELOPMENT_TEAM = UYPY43BUFP;
				ENABLE_HARDENED_RUNTIME = YES;
				PRODUCT_NAME = "$(TARGET_NAME)";
				SWIFT_VERSION = 5.0;
			};
			name = Release;
		};
		8CED0894275AD9C70077E727 /* Debug */ = {
			isa = XCBuildConfiguration;
			buildSettings = {
				CODE_SIGN_STYLE = Automatic;
				DEVELOPMENT_TEAM = UYPY43BUFP;
				ENABLE_HARDENED_RUNTIME = YES;
				PRODUCT_NAME = "$(TARGET_NAME)";
				SWIFT_VERSION = 5.0;
			};
			name = Debug;
		};
		8CED0895275AD9C70077E727 /* Release */ = {
			isa = XCBuildConfiguration;
			buildSettings = {
				CODE_SIGN_STYLE = Automatic;
				DEVELOPMENT_TEAM = UYPY43BUFP;
				ENABLE_HARDENED_RUNTIME = YES;
				PRODUCT_NAME = "$(TARGET_NAME)";
				SWIFT_VERSION = 5.0;
			};
			name = Release;
		};
		8CED08A3275B8F870077E727 /* Debug */ = {
			isa = XCBuildConfiguration;
			buildSettings = {
				CODE_SIGN_STYLE = Automatic;
				DEVELOPMENT_TEAM = UYPY43BUFP;
				ENABLE_HARDENED_RUNTIME = YES;
				PRODUCT_NAME = "$(TARGET_NAME)";
				SWIFT_VERSION = 5.0;
			};
			name = Debug;
		};
		8CED08A4275B8F870077E727 /* Release */ = {
			isa = XCBuildConfiguration;
			buildSettings = {
				CODE_SIGN_STYLE = Automatic;
				DEVELOPMENT_TEAM = UYPY43BUFP;
				ENABLE_HARDENED_RUNTIME = YES;
				PRODUCT_NAME = "$(TARGET_NAME)";
				SWIFT_VERSION = 5.0;
			};
			name = Release;
		};
		8CED08B2275D02B80077E727 /* Debug */ = {
			isa = XCBuildConfiguration;
			buildSettings = {
				CODE_SIGN_STYLE = Automatic;
				DEVELOPMENT_TEAM = UYPY43BUFP;
				ENABLE_HARDENED_RUNTIME = YES;
				PRODUCT_NAME = "$(TARGET_NAME)";
				SWIFT_VERSION = 5.0;
			};
			name = Debug;
		};
		8CED08B3275D02B80077E727 /* Release */ = {
			isa = XCBuildConfiguration;
			buildSettings = {
				CODE_SIGN_STYLE = Automatic;
				DEVELOPMENT_TEAM = UYPY43BUFP;
				ENABLE_HARDENED_RUNTIME = YES;
				PRODUCT_NAME = "$(TARGET_NAME)";
				SWIFT_VERSION = 5.0;
			};
			name = Release;
		};
/* End XCBuildConfiguration section */

/* Begin XCConfigurationList section */
		8CED086227570AF60077E727 /* Build configuration list for PBXProject "aoc-21" */ = {
			isa = XCConfigurationList;
			buildConfigurations = (
				8CED086C27570AF60077E727 /* Debug */,
				8CED086D27570AF60077E727 /* Release */,
			);
			defaultConfigurationIsVisible = 0;
			defaultConfigurationName = Release;
		};
		8CED086E27570AF60077E727 /* Build configuration list for PBXNativeTarget "aoc-21" */ = {
			isa = XCConfigurationList;
			buildConfigurations = (
				8CED086F27570AF60077E727 /* Debug */,
				8CED087027570AF60077E727 /* Release */,
			);
			defaultConfigurationIsVisible = 0;
			defaultConfigurationName = Release;
		};
		8CED087B275829740077E727 /* Build configuration list for PBXNativeTarget "day01" */ = {
			isa = XCConfigurationList;
			buildConfigurations = (
				8CED0879275829740077E727 /* Debug */,
				8CED087A275829740077E727 /* Release */,
			);
			defaultConfigurationIsVisible = 0;
			defaultConfigurationName = Release;
		};
		8CED0886275978A20077E727 /* Build configuration list for PBXNativeTarget "day02" */ = {
			isa = XCConfigurationList;
			buildConfigurations = (
				8CED0887275978A20077E727 /* Debug */,
				8CED0888275978A20077E727 /* Release */,
			);
			defaultConfigurationIsVisible = 0;
			defaultConfigurationName = Release;
		};
		8CED0893275AD9C70077E727 /* Build configuration list for PBXNativeTarget "day03" */ = {
			isa = XCConfigurationList;
			buildConfigurations = (
				8CED0894275AD9C70077E727 /* Debug */,
				8CED0895275AD9C70077E727 /* Release */,
			);
			defaultConfigurationIsVisible = 0;
			defaultConfigurationName = Release;
		};
		8CED08A2275B8F870077E727 /* Build configuration list for PBXNativeTarget "day04" */ = {
			isa = XCConfigurationList;
			buildConfigurations = (
				8CED08A3275B8F870077E727 /* Debug */,
				8CED08A4275B8F870077E727 /* Release */,
			);
			defaultConfigurationIsVisible = 0;
			defaultConfigurationName = Release;
		};
		8CED08B1275D02B80077E727 /* Build configuration list for PBXNativeTarget "day05" */ = {
			isa = XCConfigurationList;
			buildConfigurations = (
				8CED08B2275D02B80077E727 /* Debug */,
				8CED08B3275D02B80077E727 /* Release */,
			);
			defaultConfigurationIsVisible = 0;
			defaultConfigurationName = Release;
		};
/* End XCConfigurationList section */
	};
	rootObject = 8CED085F27570AF60077E727 /* Project object */;
}
